
Microsoft Visual Studio Solution File, Format Version 12.00
# Visual Studio 2013
VisualStudioVersion = 12.0.31101.0
MinimumVisualStudioVersion = 10.0.40219.1
Project("{FAE04EC0-301F-11D3-BF4B-00C04F79EFBC}") = "ImageResizer", "ImageResizer\ImageResizer.csproj", "{BEEB1397-92B5-4784-AF7F-06FF80F99B93}"
EndProject
Project("{2150E333-8FDC-42A3-9474-1A3956D46DE8}") = ".nuget", ".nuget", "{B95224E4-70FB-4C6D-8C48-C322D4847F93}"
	ProjectSection(SolutionItems) = preProject
		.nuget\NuGet.Config = .nuget\NuGet.Config
		.nuget\NuGet.exe = .nuget\NuGet.exe
		.nuget\NuGet.targets = .nuget\NuGet.targets
	EndProjectSection
EndProject
Project("{2150E333-8FDC-42A3-9474-1A3956D46DE8}") = "Solution Items", "Solution Items", "{376F8420-9ACE-45EB-8394-A56A9D3D9267}"
	ProjectSection(SolutionItems) = preProject
		.gitignore = .gitignore
	EndProjectSection
EndProject
Project("{FAE04EC0-301F-11D3-BF4B-00C04F79EFBC}") = "ImageResizer.Api", "ImageResizer.Api\ImageResizer.Api.csproj", "{07BDE5DC-26CF-4F14-B707-5A63354227A1}"
EndProject
Project("{FAE04EC0-301F-11D3-BF4B-00C04F79EFBC}") = "ImageViewer.Web", "ImageViewer.Web\ImageViewer.Web.csproj", "{65E8FF09-727F-49EC-A945-1AA75A4A95CB}"
EndProject
Project("{2150E333-8FDC-42A3-9474-1A3956D46DE8}") = "PublishScripts", "PublishScripts", "{80D1DE21-6425-450F-924A-24AB3361867F}"
	ProjectSection(SolutionItems) = preProject
		PublishScripts\AzureWebsitePublishModule.psm1 = PublishScripts\AzureWebsitePublishModule.psm1
		PublishScripts\Publish-WebApplicationWebsite.ps1 = PublishScripts\Publish-WebApplicationWebsite.ps1
	EndProjectSection
EndProject
Project("{2150E333-8FDC-42A3-9474-1A3956D46DE8}") = "Configurations", "Configurations", "{EFEF68AF-DCCF-4221-B81E-CBCED76D230F}"
	ProjectSection(SolutionItems) = preProject
		PublishScripts\Configurations\ImageViewerWeb-WAWS-dev.json = PublishScripts\Configurations\ImageViewerWeb-WAWS-dev.json
	EndProjectSection
EndProject
Global
	GlobalSection(SolutionConfigurationPlatforms) = preSolution
		Debug|Any CPU = Debug|Any CPU
		Release|Any CPU = Release|Any CPU
	EndGlobalSection
	GlobalSection(ProjectConfigurationPlatforms) = postSolution
		{BEEB1397-92B5-4784-AF7F-06FF80F99B93}.Debug|Any CPU.ActiveCfg = Debug|Any CPU
		{BEEB1397-92B5-4784-AF7F-06FF80F99B93}.Debug|Any CPU.Build.0 = Debug|Any CPU
		{BEEB1397-92B5-4784-AF7F-06FF80F99B93}.Release|Any CPU.ActiveCfg = Release|Any CPU
		{BEEB1397-92B5-4784-AF7F-06FF80F99B93}.Release|Any CPU.Build.0 = Release|Any CPU
		{07BDE5DC-26CF-4F14-B707-5A63354227A1}.Debug|Any CPU.ActiveCfg = Debug|Any CPU
		{07BDE5DC-26CF-4F14-B707-5A63354227A1}.Debug|Any CPU.Build.0 = Debug|Any CPU
		{07BDE5DC-26CF-4F14-B707-5A63354227A1}.Release|Any CPU.ActiveCfg = Release|Any CPU
		{07BDE5DC-26CF-4F14-B707-5A63354227A1}.Release|Any CPU.Build.0 = Release|Any CPU
		{65E8FF09-727F-49EC-A945-1AA75A4A95CB}.Debug|Any CPU.ActiveCfg = Debug|Any CPU
		{65E8FF09-727F-49EC-A945-1AA75A4A95CB}.Debug|Any CPU.Build.0 = Debug|Any CPU
		{65E8FF09-727F-49EC-A945-1AA75A4A95CB}.Release|Any CPU.ActiveCfg = Release|Any CPU
		{65E8FF09-727F-49EC-A945-1AA75A4A95CB}.Release|Any CPU.Build.0 = Release|Any CPU
	EndGlobalSection
	GlobalSection(SolutionProperties) = preSolution
		HideSolutionNode = FALSE
	EndGlobalSection
	GlobalSection(NestedProjects) = preSolution
		{EFEF68AF-DCCF-4221-B81E-CBCED76D230F} = {80D1DE21-6425-450F-924A-24AB3361867F}
	EndGlobalSection
EndGlobal
